// !$*UTF8*$!
{
	archiveVersion = 1;
	classes = {
	};
	objectVersion = 45;
	objects = {

/* Begin PBXBuildFile section */
		1D3623260D0F684500981E51 /* AppDelegate_Pad.m in Sources */ = {isa = PBXBuildFile; fileRef = 1D3623250D0F684500981E51 /* AppDelegate_Pad.m */; };
		1D60589B0D05DD56006BFB54 /* main.m in Sources */ = {isa = PBXBuildFile; fileRef = 29B97316FDCFA39411CA2CEA /* main.m */; };
		1D60589F0D05DD5A006BFB54 /* Foundation.framework in Frameworks */ = {isa = PBXBuildFile; fileRef = 1D30AB110D05D00D00671497 /* Foundation.framework */; };
		1DF5F4E00D08C38300B7A737 /* UIKit.framework in Frameworks */ = {isa = PBXBuildFile; fileRef = 1DF5F4DF0D08C38300B7A737 /* UIKit.framework */; };
		2819307D112F81BE00ECF9B4 /* AppFirst.xcdatamodeld in Sources */ = {isa = PBXBuildFile; fileRef = 2819307C112F81BE00ECF9B4 /* AppFirst.xcdatamodeld */; };
		2860E38A111B897F00E27156 /* AppDelegate_Phone.m in Sources */ = {isa = PBXBuildFile; fileRef = 2860E388111B897F00E27156 /* AppDelegate_Phone.m */; };
		2860E38B111B897F00E27156 /* MainWindow_Phone.xib in Resources */ = {isa = PBXBuildFile; fileRef = 2860E389111B897F00E27156 /* MainWindow_Phone.xib */; };
		288765FD0DF74451002DB57D /* CoreGraphics.framework in Frameworks */ = {isa = PBXBuildFile; fileRef = 288765FC0DF74451002DB57D /* CoreGraphics.framework */; };
		28AD733F0D9D9553002E5188 /* MainWindow_Pad.xib in Resources */ = {isa = PBXBuildFile; fileRef = 28AD733E0D9D9553002E5188 /* MainWindow_Pad.xib */; };
		28EEBFDD1118E19E00187D67 /* CoreData.framework in Frameworks */ = {isa = PBXBuildFile; fileRef = 28EEBFDC1118E19E00187D67 /* CoreData.framework */; };
		28EEC04B1118E28000187D67 /* AppDelegate_Shared.m in Sources */ = {isa = PBXBuildFile; fileRef = 28EEC04A1118E28000187D67 /* AppDelegate_Shared.m */; };
		3E1024F311C7FCE6009326FF /* AppHelper.m in Sources */ = {isa = PBXBuildFile; fileRef = 3E1024F211C7FCE6009326FF /* AppHelper.m */; };
		3E10260F11CA59FA009326FF /* AFCpuDetailView.m in Sources */ = {isa = PBXBuildFile; fileRef = 3E10260E11CA59FA009326FF /* AFCpuDetailView.m */; };
		3E10262611CA9B8D009326FF /* AFVerticalBarView.m in Sources */ = {isa = PBXBuildFile; fileRef = 3E10262511CA9B8D009326FF /* AFVerticalBarView.m */; };
		3E10270611CBBFF0009326FF /* ServerDetailViewPad.m in Sources */ = {isa = PBXBuildFile; fileRef = 3E10270411CBBFF0009326FF /* ServerDetailViewPad.m */; };
		3E10270711CBBFF0009326FF /* ServerDetailViewPad.xib in Resources */ = {isa = PBXBuildFile; fileRef = 3E10270511CBBFF0009326FF /* ServerDetailViewPad.xib */; };
		3E10284711CBFDCB009326FF /* AFSortableTableViewController.m in Sources */ = {isa = PBXBuildFile; fileRef = 3E10284611CBFDCB009326FF /* AFSortableTableViewController.m */; };
		3E10288011CC12D2009326FF /* AFTableViewController.m in Sources */ = {isa = PBXBuildFile; fileRef = 3E10287E11CC12D2009326FF /* AFTableViewController.m */; };
		3E10288111CC12D2009326FF /* AFTableViewController.xib in Resources */ = {isa = PBXBuildFile; fileRef = 3E10287F11CC12D2009326FF /* AFTableViewController.xib */; };
		3E10296C11CD392C009326FF /* AFMetricsPicker.m in Sources */ = {isa = PBXBuildFile; fileRef = 3E10296A11CD392C009326FF /* AFMetricsPicker.m */; };
		3E10296D11CD392C009326FF /* AFMetricsPicker.xib in Resources */ = {isa = PBXBuildFile; fileRef = 3E10296B11CD392C009326FF /* AFMetricsPicker.xib */; };
		3E102ABD11CFB01C009326FF /* AFPollDataController.m in Sources */ = {isa = PBXBuildFile; fileRef = 3E102ABC11CFB01C009326FF /* AFPollDataController.m */; };
		3E102AC411CFB286009326FF /* AFPollDataTableViewController.m in Sources */ = {isa = PBXBuildFile; fileRef = 3E102AC211CFB286009326FF /* AFPollDataTableViewController.m */; };
		3E102AC511CFB286009326FF /* AFPollDataTableViewController.xib in Resources */ = {isa = PBXBuildFile; fileRef = 3E102AC311CFB286009326FF /* AFPollDataTableViewController.xib */; };
		3E102C6411CFFD70009326FF /* AFServerNameView.m in Sources */ = {isa = PBXBuildFile; fileRef = 3E102C6311CFFD70009326FF /* AFServerNameView.m */; };
		3E102D2511D011A9009326FF /* AFWidgetBaseView.m in Sources */ = {isa = PBXBuildFile; fileRef = 3E102D2411D011A9009326FF /* AFWidgetBaseView.m */; };
		3E102D2B11D011EB009326FF /* AFMemoryDetailView.m in Sources */ = {isa = PBXBuildFile; fileRef = 3E102D2A11D011EB009326FF /* AFMemoryDetailView.m */; };
		3E102E1A11D10891009326FF /* AFDiskDetailViewController.m in Sources */ = {isa = PBXBuildFile; fileRef = 3E102E1811D10891009326FF /* AFDiskDetailViewController.m */; };
		3E102E1B11D10891009326FF /* AFDiskDetailViewController.xib in Resources */ = {isa = PBXBuildFile; fileRef = 3E102E1911D10891009326FF /* AFDiskDetailViewController.xib */; };
		3E102FDE11D158B7009326FF /* red_status.png in Resources */ = {isa = PBXBuildFile; fileRef = 3E102FDD11D158B7009326FF /* red_status.png */; };
		3E102FE011D158C1009326FF /* yellow_status.png in Resources */ = {isa = PBXBuildFile; fileRef = 3E102FDF11D158C1009326FF /* yellow_status.png */; };
		3E102FE211D158D7009326FF /* green_status.png in Resources */ = {isa = PBXBuildFile; fileRef = 3E102FE111D158D7009326FF /* green_status.png */; };
		3E10301311D15D0F009326FF /* AFVerticalSeparator.m in Sources */ = {isa = PBXBuildFile; fileRef = 3E10301211D15D0F009326FF /* AFVerticalSeparator.m */; };
		3E10313B11D2B397009326FF /* AFAlertDetailViewController.m in Sources */ = {isa = PBXBuildFile; fileRef = 3E10313A11D2B396009326FF /* AFAlertDetailViewController.m */; };
		3E10313F11D2B3B7009326FF /* AFAlertTableViewController.m in Sources */ = {isa = PBXBuildFile; fileRef = 3E10313D11D2B3B7009326FF /* AFAlertTableViewController.m */; };
		3E10314011D2B3B7009326FF /* AFAlertTableViewController.xib in Resources */ = {isa = PBXBuildFile; fileRef = 3E10313E11D2B3B7009326FF /* AFAlertTableViewController.xib */; };
		3E16C58311B41F72004481D2 /* icon(ipad).png in Resources */ = {isa = PBXBuildFile; fileRef = 3E16C58211B41F72004481D2 /* icon(ipad).png */; };
		3E17E20511AEE86C00EC68E8 /* active_dot_saved.png in Resources */ = {isa = PBXBuildFile; fileRef = 3E17E20411AEE86C00EC68E8 /* active_dot_saved.png */; };
		3E17E20911AEE9AD00EC68E8 /* active_dot.png in Resources */ = {isa = PBXBuildFile; fileRef = 3E17E20811AEE9AD00EC68E8 /* active_dot.png */; };
		3E17E21E11AEEB9200EC68E8 /* inactive_dot.png in Resources */ = {isa = PBXBuildFile; fileRef = 3E17E21D11AEEB9200EC68E8 /* inactive_dot.png */; };
		3E17E28311AEFBE200EC68E8 /* AFTitleView.m in Sources */ = {isa = PBXBuildFile; fileRef = 3E17E28211AEFBE200EC68E8 /* AFTitleView.m */; };
		3E17E50E11B03C9C00EC68E8 /* unchecked_box.png in Resources */ = {isa = PBXBuildFile; fileRef = 3E17E50D11B03C9C00EC68E8 /* unchecked_box.png */; };
		3E17E51011B03CA800EC68E8 /* checked_box.png in Resources */ = {isa = PBXBuildFile; fileRef = 3E17E50F11B03CA800EC68E8 /* checked_box.png */; };
		3E47AE3811E0FB0D000A2C30 /* AFSettingsViewController.m in Sources */ = {isa = PBXBuildFile; fileRef = 3E47AE3611E0FB0D000A2C30 /* AFSettingsViewController.m */; };
		3E47AE3911E0FB0D000A2C30 /* AFSettingsViewController.xib in Resources */ = {isa = PBXBuildFile; fileRef = 3E47AE3711E0FB0D000A2C30 /* AFSettingsViewController.xib */; };
		3E5298D111BED63C0045A6CF /* Default.png in Resources */ = {isa = PBXBuildFile; fileRef = 3E5298D011BED63C0045A6CF /* Default.png */; };
		3E6DD49511E7B47100C8E018 /* S7GraphView.m in Sources */ = {isa = PBXBuildFile; fileRef = 3E6DD49311E7B47100C8E018 /* S7GraphView.m */; };
		3E6DD49911E7B4DB00C8E018 /* AFGraphViewController.m in Sources */ = {isa = PBXBuildFile; fileRef = 3E6DD49711E7B4DB00C8E018 /* AFGraphViewController.m */; };
		3E6DD60211E8DC2600C8E018 /* AFLegendViewController.m in Sources */ = {isa = PBXBuildFile; fileRef = 3E6DD60011E8DC2600C8E018 /* AFLegendViewController.m */; };
		3E6DD60311E8DC2600C8E018 /* AFLegendViewController.xib in Resources */ = {isa = PBXBuildFile; fileRef = 3E6DD60111E8DC2600C8E018 /* AFLegendViewController.xib */; };
		3E82224711921574001F3644 /* af_icon.png in Resources */ = {isa = PBXBuildFile; fileRef = 3E82224611921574001F3644 /* af_icon.png */; };
		3E82226111930FE8001F3644 /* AFDashboard.m in Sources */ = {isa = PBXBuildFile; fileRef = 3E82226011930FE8001F3644 /* AFDashboard.m */; };
		3E82226411931009001F3644 /* AFAlert.m in Sources */ = {isa = PBXBuildFile; fileRef = 3E82226311931009001F3644 /* AFAlert.m */; };
		3E8224E111936EC9001F3644 /* NSObject+SBJSON.m in Sources */ = {isa = PBXBuildFile; fileRef = 3E8224D611936EC8001F3644 /* NSObject+SBJSON.m */; };
		3E8224E211936EC9001F3644 /* NSString+SBJSON.m in Sources */ = {isa = PBXBuildFile; fileRef = 3E8224D811936EC9001F3644 /* NSString+SBJSON.m */; };
		3E8224E311936EC9001F3644 /* SBJSON.m in Sources */ = {isa = PBXBuildFile; fileRef = 3E8224DA11936EC9001F3644 /* SBJSON.m */; };
		3E8224E411936EC9001F3644 /* SBJsonBase.m in Sources */ = {isa = PBXBuildFile; fileRef = 3E8224DC11936EC9001F3644 /* SBJsonBase.m */; };
		3E8224E511936EC9001F3644 /* SBJsonParser.m in Sources */ = {isa = PBXBuildFile; fileRef = 3E8224DE11936EC9001F3644 /* SBJsonParser.m */; };
		3E8224E611936EC9001F3644 /* SBJsonWriter.m in Sources */ = {isa = PBXBuildFile; fileRef = 3E8224E011936EC9001F3644 /* SBJsonWriter.m */; };
		3E82253411937E20001F3644 /* ServerStatusViewController.m in Sources */ = {isa = PBXBuildFile; fileRef = 3E82253211937E20001F3644 /* ServerStatusViewController.m */; };
		3E82253511937E20001F3644 /* ServerStatusViewController.xib in Resources */ = {isa = PBXBuildFile; fileRef = 3E82253311937E20001F3644 /* ServerStatusViewController.xib */; };
		3E8D45CE11E3ACB300CBC3D2 /* tools.png in Resources */ = {isa = PBXBuildFile; fileRef = 3E8D45CD11E3ACB300CBC3D2 /* tools.png */; };
		3E8D464511E3E43600CBC3D2 /* AFPageViewController.m in Sources */ = {isa = PBXBuildFile; fileRef = 3E8D464311E3E43600CBC3D2 /* AFPageViewController.m */; };
		3E8D464611E3E43600CBC3D2 /* AFPageViewController.xib in Resources */ = {isa = PBXBuildFile; fileRef = 3E8D464411E3E43600CBC3D2 /* AFPageViewController.xib */; };
		3E8D472D11E4BEBF00CBC3D2 /* AFServerDetailViewController.m in Sources */ = {isa = PBXBuildFile; fileRef = 3E8D472B11E4BEBF00CBC3D2 /* AFServerDetailViewController.m */; };
		3E8D472E11E4BEBF00CBC3D2 /* AFServerDetailViewController.xib in Resources */ = {isa = PBXBuildFile; fileRef = 3E8D472C11E4BEBF00CBC3D2 /* AFServerDetailViewController.xib */; };
		3E8D492711E530CB00CBC3D2 /* AFAlertHistoryViewController.m in Sources */ = {isa = PBXBuildFile; fileRef = 3E8D492511E530CB00CBC3D2 /* AFAlertHistoryViewController.m */; };
		3E8D492811E530CB00CBC3D2 /* AFAlertHistoryViewController.xib in Resources */ = {isa = PBXBuildFile; fileRef = 3E8D492611E530CB00CBC3D2 /* AFAlertHistoryViewController.xib */; };
		3E8D494211E5333B00CBC3D2 /* speechmedia.png in Resources */ = {isa = PBXBuildFile; fileRef = 3E8D494111E5333B00CBC3D2 /* speechmedia.png */; };
		3E8D497C11E6114000CBC3D2 /* AFWebViewController.m in Sources */ = {isa = PBXBuildFile; fileRef = 3E8D497A11E6114000CBC3D2 /* AFWebViewController.m */; };
		3E8D497D11E6114000CBC3D2 /* AFWebViewController.xib in Resources */ = {isa = PBXBuildFile; fileRef = 3E8D497B11E6114000CBC3D2 /* AFWebViewController.xib */; };
		3E9C3AD011AC0552005B8021 /* AlertEditViewController.m in Sources */ = {isa = PBXBuildFile; fileRef = 3E9C3ACE11AC0552005B8021 /* AlertEditViewController.m */; };
		3E9C3AD111AC0553005B8021 /* AlertEditViewController.xib in Resources */ = {isa = PBXBuildFile; fileRef = 3E9C3ACF11AC0552005B8021 /* AlertEditViewController.xib */; };
		3EAC94EE11DB9BAD009FA6C2 /* AFAlertDetailTableViewController.m in Sources */ = {isa = PBXBuildFile; fileRef = 3EAC94EC11DB9BAD009FA6C2 /* AFAlertDetailTableViewController.m */; };
		3EAC94EF11DB9BAD009FA6C2 /* AFAlertDetailTableViewController.xib in Resources */ = {isa = PBXBuildFile; fileRef = 3EAC94ED11DB9BAD009FA6C2 /* AFAlertDetailTableViewController.xib */; };
		3EAC96A711DD30A0009FA6C2 /* windows-icon.png in Resources */ = {isa = PBXBuildFile; fileRef = 3EAC96A611DD30A0009FA6C2 /* windows-icon.png */; };
		3EAC96A911DD30A7009FA6C2 /* linux-icon.png in Resources */ = {isa = PBXBuildFile; fileRef = 3EAC96A811DD30A7009FA6C2 /* linux-icon.png */; };
		3EAC96CA11DD3610009FA6C2 /* AFLoadingViewController.m in Sources */ = {isa = PBXBuildFile; fileRef = 3EAC96C811DD3610009FA6C2 /* AFLoadingViewController.m */; };
		3EAC96CB11DD3610009FA6C2 /* AFLoadingViewController.xib in Resources */ = {isa = PBXBuildFile; fileRef = 3EAC96C911DD3610009FA6C2 /* AFLoadingViewController.xib */; };
		3ED1510B119B138900D4AB4E /* AFBarView.m in Sources */ = {isa = PBXBuildFile; fileRef = 3ED1510A119B138900D4AB4E /* AFBarView.m */; };
		3ED15111119B142E00D4AB4E /* AFEmptyBarView.m in Sources */ = {isa = PBXBuildFile; fileRef = 3ED15110119B142E00D4AB4E /* AFEmptyBarView.m */; };
		3ED151DA119B2FEA00D4AB4E /* AFDiskView.m in Sources */ = {isa = PBXBuildFile; fileRef = 3ED151D9119B2FEA00D4AB4E /* AFDiskView.m */; };
		3ED154F8119B768A00D4AB4E /* AFDiskLegendView.m in Sources */ = {isa = PBXBuildFile; fileRef = 3ED154F7119B768A00D4AB4E /* AFDiskLegendView.m */; };
		3ED15661119C7B4500D4AB4E /* AlertDetailViewController.m in Sources */ = {isa = PBXBuildFile; fileRef = 3ED1565F119C7B4500D4AB4E /* AlertDetailViewController.m */; };
		3ED15662119C7B4500D4AB4E /* AlertDetailViewController.xib in Resources */ = {isa = PBXBuildFile; fileRef = 3ED15660119C7B4500D4AB4E /* AlertDetailViewController.xib */; };
		3EE9A439119856B8007D3E14 /* LoginViewController.m in Sources */ = {isa = PBXBuildFile; fileRef = 3EE9A437119856B8007D3E14 /* LoginViewController.m */; };
		3EE9A43A119856B8007D3E14 /* LoginViewController.xib in Resources */ = {isa = PBXBuildFile; fileRef = 3EE9A438119856B8007D3E14 /* LoginViewController.xib */; };
		3EE9A7D71198B099007D3E14 /* QuartzCore.framework in Frameworks */ = {isa = PBXBuildFile; fileRef = 3EE9A7D61198B099007D3E14 /* QuartzCore.framework */; };
		3EE9AE221199E1DA007D3E14 /* AFUIView.m in Sources */ = {isa = PBXBuildFile; fileRef = 3EE9AE211199E1DA007D3E14 /* AFUIView.m */; };
		3EF1004011A48C9A00C336FD /* alert.png in Resources */ = {isa = PBXBuildFile; fileRef = 3EF1003F11A48C9A00C336FD /* alert.png */; };
		3EF1007811A4929600C336FD /* graph.png in Resources */ = {isa = PBXBuildFile; fileRef = 3EF1007711A4929600C336FD /* graph.png */; };
		3EF1015A11A5943C00C336FD /* SFHFKeychainUtils.m in Sources */ = {isa = PBXBuildFile; fileRef = 3EF1015911A5943C00C336FD /* SFHFKeychainUtils.m */; };
		3EF1018C11A5A89500C336FD /* Security.framework in Frameworks */ = {isa = PBXBuildFile; fileRef = 3EF1018B11A5A89500C336FD /* Security.framework */; };
		3EF101F511A5B52900C336FD /* appfirst_logo_header_large.png in Resources */ = {isa = PBXBuildFile; fileRef = 3EF101F411A5B52900C336FD /* appfirst_logo_header_large.png */; };
		3EF102A811A5DD4F00C336FD /* appfirst_logo_header.png in Resources */ = {isa = PBXBuildFile; fileRef = 3EF102A711A5DD4F00C336FD /* appfirst_logo_header.png */; };
/* End PBXBuildFile section */

/* Begin PBXCopyFilesBuildPhase section */
		3EE9A7A81198ACBB007D3E14 /* CopyFiles */ = {
			isa = PBXCopyFilesBuildPhase;
			buildActionMask = 2147483647;
			dstPath = "Users/joeng/mobile/mobile/IPhoneOS/lib/core-plot/framework/build/Debug-iphonesimulator/libCorePlot-CocoaTouch.a";
			dstSubfolderSpec = 7;
			files = (
			);
			runOnlyForDeploymentPostprocessing = 0;
		};
		3EE9A9FE1198B6E0007D3E14 /* CopyFiles */ = {
			isa = PBXCopyFilesBuildPhase;
			buildActionMask = 2147483647;
			dstPath = "";
			dstSubfolderSpec = 7;
			files = (
			);
			runOnlyForDeploymentPostprocessing = 0;
		};
/* End PBXCopyFilesBuildPhase section */

/* Begin PBXFileReference section */
		1D30AB110D05D00D00671497 /* Foundation.framework */ = {isa = PBXFileReference; lastKnownFileType = wrapper.framework; name = Foundation.framework; path = System/Library/Frameworks/Foundation.framework; sourceTree = SDKROOT; };
		1D3623240D0F684500981E51 /* AppDelegate_Pad.h */ = {isa = PBXFileReference; fileEncoding = 4; lastKnownFileType = sourcecode.c.h; name = AppDelegate_Pad.h; path = iPad/AppDelegate_Pad.h; sourceTree = "<group>"; };
		1D3623250D0F684500981E51 /* AppDelegate_Pad.m */ = {isa = PBXFileReference; fileEncoding = 4; lastKnownFileType = sourcecode.c.objc; name = AppDelegate_Pad.m; path = iPad/AppDelegate_Pad.m; sourceTree = "<group>"; };
		1DF5F4DF0D08C38300B7A737 /* UIKit.framework */ = {isa = PBXFileReference; lastKnownFileType = wrapper.framework; name = UIKit.framework; path = System/Library/Frameworks/UIKit.framework; sourceTree = SDKROOT; };
		2860E387111B897F00E27156 /* AppDelegate_Phone.h */ = {isa = PBXFileReference; fileEncoding = 4; lastKnownFileType = sourcecode.c.h; path = AppDelegate_Phone.h; sourceTree = "<group>"; };
		2860E388111B897F00E27156 /* AppDelegate_Phone.m */ = {isa = PBXFileReference; fileEncoding = 4; lastKnownFileType = sourcecode.c.objc; path = AppDelegate_Phone.m; sourceTree = "<group>"; };
		2860E389111B897F00E27156 /* MainWindow_Phone.xib */ = {isa = PBXFileReference; lastKnownFileType = file.xib; path = MainWindow_Phone.xib; sourceTree = "<group>"; };
		2870939E111907710040F596 /* AppFirst.xcdatamodel */ = {isa = PBXFileReference; fileEncoding = 4; lastKnownFileType = wrapper.xcdatamodel; path = AppFirst.xcdatamodel; sourceTree = "<group>"; };
		288765FC0DF74451002DB57D /* CoreGraphics.framework */ = {isa = PBXFileReference; lastKnownFileType = wrapper.framework; name = CoreGraphics.framework; path = System/Library/Frameworks/CoreGraphics.framework; sourceTree = SDKROOT; };
		28AD733E0D9D9553002E5188 /* MainWindow_Pad.xib */ = {isa = PBXFileReference; lastKnownFileType = file.xib; name = MainWindow_Pad.xib; path = iPad/MainWindow_Pad.xib; sourceTree = "<group>"; };
		28EEBFDC1118E19E00187D67 /* CoreData.framework */ = {isa = PBXFileReference; lastKnownFileType = wrapper.framework; name = CoreData.framework; path = System/Library/Frameworks/CoreData.framework; sourceTree = SDKROOT; };
		28EEC0491118E28000187D67 /* AppDelegate_Shared.h */ = {isa = PBXFileReference; fileEncoding = 4; lastKnownFileType = sourcecode.c.h; name = AppDelegate_Shared.h; path = Shared/AppDelegate_Shared.h; sourceTree = "<group>"; };
		28EEC04A1118E28000187D67 /* AppDelegate_Shared.m */ = {isa = PBXFileReference; fileEncoding = 4; lastKnownFileType = sourcecode.c.objc; name = AppDelegate_Shared.m; path = Shared/AppDelegate_Shared.m; sourceTree = "<group>"; };
		29B97316FDCFA39411CA2CEA /* main.m */ = {isa = PBXFileReference; fileEncoding = 4; lastKnownFileType = sourcecode.c.objc; name = main.m; path = Shared/main.m; sourceTree = "<group>"; };
		32CA4F630368D1EE00C91783 /* AppFirst_Prefix.pch */ = {isa = PBXFileReference; fileEncoding = 4; lastKnownFileType = sourcecode.c.h; path = AppFirst_Prefix.pch; sourceTree = "<group>"; };
		3E1024F111C7FCE6009326FF /* AppHelper.h */ = {isa = PBXFileReference; fileEncoding = 4; lastKnownFileType = sourcecode.c.h; path = AppHelper.h; sourceTree = "<group>"; };
		3E1024F211C7FCE6009326FF /* AppHelper.m */ = {isa = PBXFileReference; fileEncoding = 4; lastKnownFileType = sourcecode.c.objc; path = AppHelper.m; sourceTree = "<group>"; };
		3E10260D11CA59FA009326FF /* AFCpuDetailView.h */ = {isa = PBXFileReference; fileEncoding = 4; lastKnownFileType = sourcecode.c.h; path = AFCpuDetailView.h; sourceTree = "<group>"; };
		3E10260E11CA59FA009326FF /* AFCpuDetailView.m */ = {isa = PBXFileReference; fileEncoding = 4; lastKnownFileType = sourcecode.c.objc; path = AFCpuDetailView.m; sourceTree = "<group>"; };
		3E10262411CA9B8D009326FF /* AFVerticalBarView.h */ = {isa = PBXFileReference; fileEncoding = 4; lastKnownFileType = sourcecode.c.h; path = AFVerticalBarView.h; sourceTree = "<group>"; };
		3E10262511CA9B8D009326FF /* AFVerticalBarView.m */ = {isa = PBXFileReference; fileEncoding = 4; lastKnownFileType = sourcecode.c.objc; path = AFVerticalBarView.m; sourceTree = "<group>"; };
		3E10270311CBBFF0009326FF /* ServerDetailViewPad.h */ = {isa = PBXFileReference; fileEncoding = 4; lastKnownFileType = sourcecode.c.h; path = ServerDetailViewPad.h; sourceTree = "<group>"; };
		3E10270411CBBFF0009326FF /* ServerDetailViewPad.m */ = {isa = PBXFileReference; fileEncoding = 4; lastKnownFileType = sourcecode.c.objc; path = ServerDetailViewPad.m; sourceTree = "<group>"; };
		3E10270511CBBFF0009326FF /* ServerDetailViewPad.xib */ = {isa = PBXFileReference; lastKnownFileType = file.xib; path = ServerDetailViewPad.xib; sourceTree = "<group>"; };
		3E10284511CBFDCB009326FF /* AFSortableTableViewController.h */ = {isa = PBXFileReference; fileEncoding = 4; lastKnownFileType = sourcecode.c.h; path = AFSortableTableViewController.h; sourceTree = "<group>"; };
		3E10284611CBFDCB009326FF /* AFSortableTableViewController.m */ = {isa = PBXFileReference; fileEncoding = 4; lastKnownFileType = sourcecode.c.objc; path = AFSortableTableViewController.m; sourceTree = "<group>"; };
		3E10287D11CC12D2009326FF /* AFTableViewController.h */ = {isa = PBXFileReference; fileEncoding = 4; lastKnownFileType = sourcecode.c.h; path = AFTableViewController.h; sourceTree = "<group>"; };
		3E10287E11CC12D2009326FF /* AFTableViewController.m */ = {isa = PBXFileReference; fileEncoding = 4; lastKnownFileType = sourcecode.c.objc; path = AFTableViewController.m; sourceTree = "<group>"; };
		3E10287F11CC12D2009326FF /* AFTableViewController.xib */ = {isa = PBXFileReference; lastKnownFileType = file.xib; path = AFTableViewController.xib; sourceTree = "<group>"; };
		3E10296911CD392C009326FF /* AFMetricsPicker.h */ = {isa = PBXFileReference; fileEncoding = 4; lastKnownFileType = sourcecode.c.h; path = AFMetricsPicker.h; sourceTree = "<group>"; };
		3E10296A11CD392C009326FF /* AFMetricsPicker.m */ = {isa = PBXFileReference; fileEncoding = 4; lastKnownFileType = sourcecode.c.objc; path = AFMetricsPicker.m; sourceTree = "<group>"; };
		3E10296B11CD392C009326FF /* AFMetricsPicker.xib */ = {isa = PBXFileReference; lastKnownFileType = file.xib; path = AFMetricsPicker.xib; sourceTree = "<group>"; };
		3E102ABB11CFB01C009326FF /* AFPollDataController.h */ = {isa = PBXFileReference; fileEncoding = 4; lastKnownFileType = sourcecode.c.h; path = AFPollDataController.h; sourceTree = "<group>"; };
		3E102ABC11CFB01C009326FF /* AFPollDataController.m */ = {isa = PBXFileReference; fileEncoding = 4; lastKnownFileType = sourcecode.c.objc; path = AFPollDataController.m; sourceTree = "<group>"; };
		3E102AC111CFB286009326FF /* AFPollDataTableViewController.h */ = {isa = PBXFileReference; fileEncoding = 4; lastKnownFileType = sourcecode.c.h; path = AFPollDataTableViewController.h; sourceTree = "<group>"; };
		3E102AC211CFB286009326FF /* AFPollDataTableViewController.m */ = {isa = PBXFileReference; fileEncoding = 4; lastKnownFileType = sourcecode.c.objc; path = AFPollDataTableViewController.m; sourceTree = "<group>"; };
		3E102AC311CFB286009326FF /* AFPollDataTableViewController.xib */ = {isa = PBXFileReference; lastKnownFileType = file.xib; path = AFPollDataTableViewController.xib; sourceTree = "<group>"; };
		3E102C6211CFFD70009326FF /* AFServerNameView.h */ = {isa = PBXFileReference; fileEncoding = 4; lastKnownFileType = sourcecode.c.h; path = AFServerNameView.h; sourceTree = "<group>"; };
		3E102C6311CFFD70009326FF /* AFServerNameView.m */ = {isa = PBXFileReference; fileEncoding = 4; lastKnownFileType = sourcecode.c.objc; path = AFServerNameView.m; sourceTree = "<group>"; };
		3E102D2311D011A9009326FF /* AFWidgetBaseView.h */ = {isa = PBXFileReference; fileEncoding = 4; lastKnownFileType = sourcecode.c.h; path = AFWidgetBaseView.h; sourceTree = "<group>"; };
		3E102D2411D011A9009326FF /* AFWidgetBaseView.m */ = {isa = PBXFileReference; fileEncoding = 4; lastKnownFileType = sourcecode.c.objc; path = AFWidgetBaseView.m; sourceTree = "<group>"; };
		3E102D2911D011EB009326FF /* AFMemoryDetailView.h */ = {isa = PBXFileReference; fileEncoding = 4; lastKnownFileType = sourcecode.c.h; path = AFMemoryDetailView.h; sourceTree = "<group>"; };
		3E102D2A11D011EB009326FF /* AFMemoryDetailView.m */ = {isa = PBXFileReference; fileEncoding = 4; lastKnownFileType = sourcecode.c.objc; path = AFMemoryDetailView.m; sourceTree = "<group>"; };
		3E102E1711D10891009326FF /* AFDiskDetailViewController.h */ = {isa = PBXFileReference; fileEncoding = 4; lastKnownFileType = sourcecode.c.h; path = AFDiskDetailViewController.h; sourceTree = "<group>"; };
		3E102E1811D10891009326FF /* AFDiskDetailViewController.m */ = {isa = PBXFileReference; fileEncoding = 4; lastKnownFileType = sourcecode.c.objc; path = AFDiskDetailViewController.m; sourceTree = "<group>"; };
		3E102E1911D10891009326FF /* AFDiskDetailViewController.xib */ = {isa = PBXFileReference; lastKnownFileType = file.xib; path = AFDiskDetailViewController.xib; sourceTree = "<group>"; };
		3E102FDD11D158B7009326FF /* red_status.png */ = {isa = PBXFileReference; lastKnownFileType = image.png; path = red_status.png; sourceTree = "<group>"; };
		3E102FDF11D158C1009326FF /* yellow_status.png */ = {isa = PBXFileReference; lastKnownFileType = image.png; path = yellow_status.png; sourceTree = "<group>"; };
		3E102FE111D158D7009326FF /* green_status.png */ = {isa = PBXFileReference; lastKnownFileType = image.png; path = green_status.png; sourceTree = "<group>"; };
		3E10301111D15D0F009326FF /* AFVerticalSeparator.h */ = {isa = PBXFileReference; fileEncoding = 4; lastKnownFileType = sourcecode.c.h; path = AFVerticalSeparator.h; sourceTree = "<group>"; };
		3E10301211D15D0F009326FF /* AFVerticalSeparator.m */ = {isa = PBXFileReference; fileEncoding = 4; lastKnownFileType = sourcecode.c.objc; path = AFVerticalSeparator.m; sourceTree = "<group>"; };
		3E10313911D2B396009326FF /* AFAlertDetailViewController.h */ = {isa = PBXFileReference; fileEncoding = 4; lastKnownFileType = sourcecode.c.h; path = AFAlertDetailViewController.h; sourceTree = "<group>"; };
		3E10313A11D2B396009326FF /* AFAlertDetailViewController.m */ = {isa = PBXFileReference; fileEncoding = 4; lastKnownFileType = sourcecode.c.objc; path = AFAlertDetailViewController.m; sourceTree = "<group>"; };
		3E10313C11D2B3B7009326FF /* AFAlertTableViewController.h */ = {isa = PBXFileReference; fileEncoding = 4; lastKnownFileType = sourcecode.c.h; path = AFAlertTableViewController.h; sourceTree = "<group>"; };
		3E10313D11D2B3B7009326FF /* AFAlertTableViewController.m */ = {isa = PBXFileReference; fileEncoding = 4; lastKnownFileType = sourcecode.c.objc; path = AFAlertTableViewController.m; sourceTree = "<group>"; };
		3E10313E11D2B3B7009326FF /* AFAlertTableViewController.xib */ = {isa = PBXFileReference; lastKnownFileType = file.xib; path = AFAlertTableViewController.xib; sourceTree = "<group>"; };
		3E16C58211B41F72004481D2 /* icon(ipad).png */ = {isa = PBXFileReference; lastKnownFileType = image.png; path = "icon(ipad).png"; sourceTree = "<group>"; };
		3E17E20411AEE86C00EC68E8 /* active_dot_saved.png */ = {isa = PBXFileReference; lastKnownFileType = image.png; name = active_dot_saved.png; path = Shared/active_dot_saved.png; sourceTree = "<group>"; };
		3E17E20811AEE9AD00EC68E8 /* active_dot.png */ = {isa = PBXFileReference; lastKnownFileType = image.png; path = active_dot.png; sourceTree = "<group>"; };
		3E17E21D11AEEB9200EC68E8 /* inactive_dot.png */ = {isa = PBXFileReference; lastKnownFileType = image.png; path = inactive_dot.png; sourceTree = "<group>"; };
		3E17E28111AEFBE200EC68E8 /* AFTitleView.h */ = {isa = PBXFileReference; fileEncoding = 4; lastKnownFileType = sourcecode.c.h; path = AFTitleView.h; sourceTree = "<group>"; };
		3E17E28211AEFBE200EC68E8 /* AFTitleView.m */ = {isa = PBXFileReference; fileEncoding = 4; lastKnownFileType = sourcecode.c.objc; path = AFTitleView.m; sourceTree = "<group>"; };
		3E17E50D11B03C9C00EC68E8 /* unchecked_box.png */ = {isa = PBXFileReference; lastKnownFileType = image.png; path = unchecked_box.png; sourceTree = "<group>"; };
		3E17E50F11B03CA800EC68E8 /* checked_box.png */ = {isa = PBXFileReference; lastKnownFileType = image.png; path = checked_box.png; sourceTree = "<group>"; };
		3E47AE3511E0FB0D000A2C30 /* AFSettingsViewController.h */ = {isa = PBXFileReference; fileEncoding = 4; lastKnownFileType = sourcecode.c.h; path = AFSettingsViewController.h; sourceTree = "<group>"; };
		3E47AE3611E0FB0D000A2C30 /* AFSettingsViewController.m */ = {isa = PBXFileReference; fileEncoding = 4; lastKnownFileType = sourcecode.c.objc; path = AFSettingsViewController.m; sourceTree = "<group>"; };
		3E47AE3711E0FB0D000A2C30 /* AFSettingsViewController.xib */ = {isa = PBXFileReference; lastKnownFileType = file.xib; path = AFSettingsViewController.xib; sourceTree = "<group>"; };
		3E5298D011BED63C0045A6CF /* Default.png */ = {isa = PBXFileReference; lastKnownFileType = image.png; path = Default.png; sourceTree = "<group>"; };
		3E5AB6A111B5824F000ECCE1 /* AppFirst.app */ = {isa = PBXFileReference; explicitFileType = wrapper.application; includeInIndex = 0; path = AppFirst.app; sourceTree = BUILT_PRODUCTS_DIR; };
		3E6DD49211E7B47100C8E018 /* S7GraphView.h */ = {isa = PBXFileReference; fileEncoding = 4; lastKnownFileType = sourcecode.c.h; path = S7GraphView.h; sourceTree = "<group>"; };
		3E6DD49311E7B47100C8E018 /* S7GraphView.m */ = {isa = PBXFileReference; fileEncoding = 4; lastKnownFileType = sourcecode.c.objc; path = S7GraphView.m; sourceTree = "<group>"; };
		3E6DD49411E7B47100C8E018 /* S7Macros.h */ = {isa = PBXFileReference; fileEncoding = 4; lastKnownFileType = sourcecode.c.h; path = S7Macros.h; sourceTree = "<group>"; };
		3E6DD49611E7B4DB00C8E018 /* AFGraphViewController.h */ = {isa = PBXFileReference; fileEncoding = 4; lastKnownFileType = sourcecode.c.h; path = AFGraphViewController.h; sourceTree = "<group>"; };
		3E6DD49711E7B4DB00C8E018 /* AFGraphViewController.m */ = {isa = PBXFileReference; fileEncoding = 4; lastKnownFileType = sourcecode.c.objc; path = AFGraphViewController.m; sourceTree = "<group>"; };
		3E6DD5FF11E8DC2600C8E018 /* AFLegendViewController.h */ = {isa = PBXFileReference; fileEncoding = 4; lastKnownFileType = sourcecode.c.h; path = AFLegendViewController.h; sourceTree = "<group>"; };
		3E6DD60011E8DC2600C8E018 /* AFLegendViewController.m */ = {isa = PBXFileReference; fileEncoding = 4; lastKnownFileType = sourcecode.c.objc; path = AFLegendViewController.m; sourceTree = "<group>"; };
		3E6DD60111E8DC2600C8E018 /* AFLegendViewController.xib */ = {isa = PBXFileReference; lastKnownFileType = file.xib; path = AFLegendViewController.xib; sourceTree = "<group>"; };
		3E82224611921574001F3644 /* af_icon.png */ = {isa = PBXFileReference; lastKnownFileType = image.png; path = af_icon.png; sourceTree = "<group>"; };
		3E82225F11930FE8001F3644 /* AFDashboard.h */ = {isa = PBXFileReference; fileEncoding = 4; lastKnownFileType = sourcecode.c.h; path = AFDashboard.h; sourceTree = "<group>"; };
		3E82226011930FE8001F3644 /* AFDashboard.m */ = {isa = PBXFileReference; fileEncoding = 4; lastKnownFileType = sourcecode.c.objc; path = AFDashboard.m; sourceTree = "<group>"; };
		3E82226211931009001F3644 /* AFAlert.h */ = {isa = PBXFileReference; fileEncoding = 4; lastKnownFileType = sourcecode.c.h; path = AFAlert.h; sourceTree = "<group>"; };
		3E82226311931009001F3644 /* AFAlert.m */ = {isa = PBXFileReference; fileEncoding = 4; lastKnownFileType = sourcecode.c.objc; path = AFAlert.m; sourceTree = "<group>"; };
		3E8224D411936EC8001F3644 /* JSON.h */ = {isa = PBXFileReference; fileEncoding = 4; lastKnownFileType = sourcecode.c.h; path = JSON.h; sourceTree = "<group>"; };
		3E8224D511936EC8001F3644 /* NSObject+SBJSON.h */ = {isa = PBXFileReference; fileEncoding = 4; lastKnownFileType = sourcecode.c.h; path = "NSObject+SBJSON.h"; sourceTree = "<group>"; };
		3E8224D611936EC8001F3644 /* NSObject+SBJSON.m */ = {isa = PBXFileReference; fileEncoding = 4; lastKnownFileType = sourcecode.c.objc; path = "NSObject+SBJSON.m"; sourceTree = "<group>"; };
		3E8224D711936EC8001F3644 /* NSString+SBJSON.h */ = {isa = PBXFileReference; fileEncoding = 4; lastKnownFileType = sourcecode.c.h; path = "NSString+SBJSON.h"; sourceTree = "<group>"; };
		3E8224D811936EC9001F3644 /* NSString+SBJSON.m */ = {isa = PBXFileReference; fileEncoding = 4; lastKnownFileType = sourcecode.c.objc; path = "NSString+SBJSON.m"; sourceTree = "<group>"; };
		3E8224D911936EC9001F3644 /* SBJSON.h */ = {isa = PBXFileReference; fileEncoding = 4; lastKnownFileType = sourcecode.c.h; path = SBJSON.h; sourceTree = "<group>"; };
		3E8224DA11936EC9001F3644 /* SBJSON.m */ = {isa = PBXFileReference; fileEncoding = 4; lastKnownFileType = sourcecode.c.objc; path = SBJSON.m; sourceTree = "<group>"; };
		3E8224DB11936EC9001F3644 /* SBJsonBase.h */ = {isa = PBXFileReference; fileEncoding = 4; lastKnownFileType = sourcecode.c.h; path = SBJsonBase.h; sourceTree = "<group>"; };
		3E8224DC11936EC9001F3644 /* SBJsonBase.m */ = {isa = PBXFileReference; fileEncoding = 4; lastKnownFileType = sourcecode.c.objc; path = SBJsonBase.m; sourceTree = "<group>"; };
		3E8224DD11936EC9001F3644 /* SBJsonParser.h */ = {isa = PBXFileReference; fileEncoding = 4; lastKnownFileType = sourcecode.c.h; path = SBJsonParser.h; sourceTree = "<group>"; };
		3E8224DE11936EC9001F3644 /* SBJsonParser.m */ = {isa = PBXFileReference; fileEncoding = 4; lastKnownFileType = sourcecode.c.objc; path = SBJsonParser.m; sourceTree = "<group>"; };
		3E8224DF11936EC9001F3644 /* SBJsonWriter.h */ = {isa = PBXFileReference; fileEncoding = 4; lastKnownFileType = sourcecode.c.h; path = SBJsonWriter.h; sourceTree = "<group>"; };
		3E8224E011936EC9001F3644 /* SBJsonWriter.m */ = {isa = PBXFileReference; fileEncoding = 4; lastKnownFileType = sourcecode.c.objc; path = SBJsonWriter.m; sourceTree = "<group>"; };
		3E82253111937E20001F3644 /* ServerStatusViewController.h */ = {isa = PBXFileReference; fileEncoding = 4; lastKnownFileType = sourcecode.c.h; path = ServerStatusViewController.h; sourceTree = "<group>"; };
		3E82253211937E20001F3644 /* ServerStatusViewController.m */ = {isa = PBXFileReference; fileEncoding = 4; lastKnownFileType = sourcecode.c.objc; path = ServerStatusViewController.m; sourceTree = "<group>"; };
		3E82253311937E20001F3644 /* ServerStatusViewController.xib */ = {isa = PBXFileReference; lastKnownFileType = file.xib; path = ServerStatusViewController.xib; sourceTree = "<group>"; };
		3E82262E11946E9F001F3644 /* config.h */ = {isa = PBXFileReference; fileEncoding = 4; lastKnownFileType = sourcecode.c.h; path = config.h; sourceTree = "<group>"; };
		3E8D459E11E3822900CBC3D2 /* Entitlements.plist */ = {isa = PBXFileReference; fileEncoding = 4; lastKnownFileType = text.plist.xml; path = Entitlements.plist; plistStructureDefinitionIdentifier = "com.apple.xcode.plist.structure-definition.iphone.entitlements"; sourceTree = "<group>"; };
		3E8D45CD11E3ACB300CBC3D2 /* tools.png */ = {isa = PBXFileReference; lastKnownFileType = image.png; path = tools.png; sourceTree = "<group>"; };
		3E8D464211E3E43600CBC3D2 /* AFPageViewController.h */ = {isa = PBXFileReference; fileEncoding = 4; lastKnownFileType = sourcecode.c.h; path = AFPageViewController.h; sourceTree = "<group>"; };
		3E8D464311E3E43600CBC3D2 /* AFPageViewController.m */ = {isa = PBXFileReference; fileEncoding = 4; lastKnownFileType = sourcecode.c.objc; path = AFPageViewController.m; sourceTree = "<group>"; };
		3E8D464411E3E43600CBC3D2 /* AFPageViewController.xib */ = {isa = PBXFileReference; lastKnownFileType = file.xib; path = AFPageViewController.xib; sourceTree = "<group>"; };
		3E8D472A11E4BEBF00CBC3D2 /* AFServerDetailViewController.h */ = {isa = PBXFileReference; fileEncoding = 4; lastKnownFileType = sourcecode.c.h; path = AFServerDetailViewController.h; sourceTree = "<group>"; };
		3E8D472B11E4BEBF00CBC3D2 /* AFServerDetailViewController.m */ = {isa = PBXFileReference; fileEncoding = 4; lastKnownFileType = sourcecode.c.objc; path = AFServerDetailViewController.m; sourceTree = "<group>"; };
		3E8D472C11E4BEBF00CBC3D2 /* AFServerDetailViewController.xib */ = {isa = PBXFileReference; lastKnownFileType = file.xib; path = AFServerDetailViewController.xib; sourceTree = "<group>"; };
		3E8D492411E530CB00CBC3D2 /* AFAlertHistoryViewController.h */ = {isa = PBXFileReference; fileEncoding = 4; lastKnownFileType = sourcecode.c.h; path = AFAlertHistoryViewController.h; sourceTree = "<group>"; };
		3E8D492511E530CB00CBC3D2 /* AFAlertHistoryViewController.m */ = {isa = PBXFileReference; fileEncoding = 4; lastKnownFileType = sourcecode.c.objc; path = AFAlertHistoryViewController.m; sourceTree = "<group>"; };
		3E8D492611E530CB00CBC3D2 /* AFAlertHistoryViewController.xib */ = {isa = PBXFileReference; lastKnownFileType = file.xib; path = AFAlertHistoryViewController.xib; sourceTree = "<group>"; };
		3E8D494111E5333B00CBC3D2 /* speechmedia.png */ = {isa = PBXFileReference; lastKnownFileType = image.png; path = speechmedia.png; sourceTree = "<group>"; };
		3E8D497911E6114000CBC3D2 /* AFWebViewController.h */ = {isa = PBXFileReference; fileEncoding = 4; lastKnownFileType = sourcecode.c.h; path = AFWebViewController.h; sourceTree = "<group>"; };
		3E8D497A11E6114000CBC3D2 /* AFWebViewController.m */ = {isa = PBXFileReference; fileEncoding = 4; lastKnownFileType = sourcecode.c.objc; path = AFWebViewController.m; sourceTree = "<group>"; };
		3E8D497B11E6114000CBC3D2 /* AFWebViewController.xib */ = {isa = PBXFileReference; lastKnownFileType = file.xib; path = AFWebViewController.xib; sourceTree = "<group>"; };
		3E9C3ACD11AC0552005B8021 /* AlertEditViewController.h */ = {isa = PBXFileReference; fileEncoding = 4; lastKnownFileType = sourcecode.c.h; path = AlertEditViewController.h; sourceTree = "<group>"; };
		3E9C3ACE11AC0552005B8021 /* AlertEditViewController.m */ = {isa = PBXFileReference; fileEncoding = 4; lastKnownFileType = sourcecode.c.objc; path = AlertEditViewController.m; sourceTree = "<group>"; };
		3E9C3ACF11AC0552005B8021 /* AlertEditViewController.xib */ = {isa = PBXFileReference; lastKnownFileType = file.xib; path = AlertEditViewController.xib; sourceTree = "<group>"; };
		3EAC94EB11DB9BAD009FA6C2 /* AFAlertDetailTableViewController.h */ = {isa = PBXFileReference; fileEncoding = 4; lastKnownFileType = sourcecode.c.h; path = AFAlertDetailTableViewController.h; sourceTree = "<group>"; };
		3EAC94EC11DB9BAD009FA6C2 /* AFAlertDetailTableViewController.m */ = {isa = PBXFileReference; fileEncoding = 4; lastKnownFileType = sourcecode.c.objc; path = AFAlertDetailTableViewController.m; sourceTree = "<group>"; };
		3EAC94ED11DB9BAD009FA6C2 /* AFAlertDetailTableViewController.xib */ = {isa = PBXFileReference; lastKnownFileType = file.xib; path = AFAlertDetailTableViewController.xib; sourceTree = "<group>"; };
		3EAC96A611DD30A0009FA6C2 /* windows-icon.png */ = {isa = PBXFileReference; lastKnownFileType = image.png; path = "windows-icon.png"; sourceTree = "<group>"; };
		3EAC96A811DD30A7009FA6C2 /* linux-icon.png */ = {isa = PBXFileReference; lastKnownFileType = image.png; path = "linux-icon.png"; sourceTree = "<group>"; };
		3EAC96C711DD3610009FA6C2 /* AFLoadingViewController.h */ = {isa = PBXFileReference; fileEncoding = 4; lastKnownFileType = sourcecode.c.h; path = AFLoadingViewController.h; sourceTree = "<group>"; };
		3EAC96C811DD3610009FA6C2 /* AFLoadingViewController.m */ = {isa = PBXFileReference; fileEncoding = 4; lastKnownFileType = sourcecode.c.objc; path = AFLoadingViewController.m; sourceTree = "<group>"; };
		3EAC96C911DD3610009FA6C2 /* AFLoadingViewController.xib */ = {isa = PBXFileReference; lastKnownFileType = file.xib; path = AFLoadingViewController.xib; sourceTree = "<group>"; };
		3ED15109119B138900D4AB4E /* AFBarView.h */ = {isa = PBXFileReference; fileEncoding = 4; lastKnownFileType = sourcecode.c.h; path = AFBarView.h; sourceTree = "<group>"; };
		3ED1510A119B138900D4AB4E /* AFBarView.m */ = {isa = PBXFileReference; fileEncoding = 4; lastKnownFileType = sourcecode.c.objc; path = AFBarView.m; sourceTree = "<group>"; };
		3ED1510F119B142E00D4AB4E /* AFEmptyBarView.h */ = {isa = PBXFileReference; fileEncoding = 4; lastKnownFileType = sourcecode.c.h; path = AFEmptyBarView.h; sourceTree = "<group>"; };
		3ED15110119B142E00D4AB4E /* AFEmptyBarView.m */ = {isa = PBXFileReference; fileEncoding = 4; lastKnownFileType = sourcecode.c.objc; path = AFEmptyBarView.m; sourceTree = "<group>"; };
		3ED151D8119B2FEA00D4AB4E /* AFDiskView.h */ = {isa = PBXFileReference; fileEncoding = 4; lastKnownFileType = sourcecode.c.h; path = AFDiskView.h; sourceTree = "<group>"; };
		3ED151D9119B2FEA00D4AB4E /* AFDiskView.m */ = {isa = PBXFileReference; fileEncoding = 4; lastKnownFileType = sourcecode.c.objc; path = AFDiskView.m; sourceTree = "<group>"; };
		3ED154F6119B768A00D4AB4E /* AFDiskLegendView.h */ = {isa = PBXFileReference; fileEncoding = 4; lastKnownFileType = sourcecode.c.h; path = AFDiskLegendView.h; sourceTree = "<group>"; };
		3ED154F7119B768A00D4AB4E /* AFDiskLegendView.m */ = {isa = PBXFileReference; fileEncoding = 4; lastKnownFileType = sourcecode.c.objc; path = AFDiskLegendView.m; sourceTree = "<group>"; };
		3ED1565E119C7B4500D4AB4E /* AlertDetailViewController.h */ = {isa = PBXFileReference; fileEncoding = 4; lastKnownFileType = sourcecode.c.h; path = AlertDetailViewController.h; sourceTree = "<group>"; };
		3ED1565F119C7B4500D4AB4E /* AlertDetailViewController.m */ = {isa = PBXFileReference; fileEncoding = 4; lastKnownFileType = sourcecode.c.objc; path = AlertDetailViewController.m; sourceTree = "<group>"; };
		3ED15660119C7B4500D4AB4E /* AlertDetailViewController.xib */ = {isa = PBXFileReference; lastKnownFileType = file.xib; path = AlertDetailViewController.xib; sourceTree = "<group>"; };
		3EE9A436119856B8007D3E14 /* LoginViewController.h */ = {isa = PBXFileReference; fileEncoding = 4; lastKnownFileType = sourcecode.c.h; path = LoginViewController.h; sourceTree = "<group>"; };
		3EE9A437119856B8007D3E14 /* LoginViewController.m */ = {isa = PBXFileReference; fileEncoding = 4; lastKnownFileType = sourcecode.c.objc; path = LoginViewController.m; sourceTree = "<group>"; };
		3EE9A438119856B8007D3E14 /* LoginViewController.xib */ = {isa = PBXFileReference; lastKnownFileType = file.xib; path = LoginViewController.xib; sourceTree = "<group>"; };
		3EE9A7D61198B099007D3E14 /* QuartzCore.framework */ = {isa = PBXFileReference; lastKnownFileType = wrapper.framework; name = QuartzCore.framework; path = System/Library/Frameworks/QuartzCore.framework; sourceTree = SDKROOT; };
		3EE9AE201199E1DA007D3E14 /* AFUIView.h */ = {isa = PBXFileReference; fileEncoding = 4; lastKnownFileType = sourcecode.c.h; path = AFUIView.h; sourceTree = "<group>"; };
		3EE9AE211199E1DA007D3E14 /* AFUIView.m */ = {isa = PBXFileReference; fileEncoding = 4; lastKnownFileType = sourcecode.c.objc; path = AFUIView.m; sourceTree = "<group>"; };
		3EF1003F11A48C9A00C336FD /* alert.png */ = {isa = PBXFileReference; lastKnownFileType = image.png; path = alert.png; sourceTree = "<group>"; };
		3EF1007711A4929600C336FD /* graph.png */ = {isa = PBXFileReference; lastKnownFileType = image.png; path = graph.png; sourceTree = "<group>"; };
		3EF1015811A5943C00C336FD /* SFHFKeychainUtils.h */ = {isa = PBXFileReference; fileEncoding = 4; lastKnownFileType = sourcecode.c.h; path = SFHFKeychainUtils.h; sourceTree = "<group>"; };
		3EF1015911A5943C00C336FD /* SFHFKeychainUtils.m */ = {isa = PBXFileReference; fileEncoding = 4; lastKnownFileType = sourcecode.c.objc; path = SFHFKeychainUtils.m; sourceTree = "<group>"; };
		3EF1018B11A5A89500C336FD /* Security.framework */ = {isa = PBXFileReference; lastKnownFileType = wrapper.framework; name = Security.framework; path = System/Library/Frameworks/Security.framework; sourceTree = SDKROOT; };
		3EF101F411A5B52900C336FD /* appfirst_logo_header_large.png */ = {isa = PBXFileReference; lastKnownFileType = image.png; path = appfirst_logo_header_large.png; sourceTree = "<group>"; };
		3EF102A711A5DD4F00C336FD /* appfirst_logo_header.png */ = {isa = PBXFileReference; lastKnownFileType = image.png; path = appfirst_logo_header.png; sourceTree = "<group>"; };
		8D1107310486CEB800E47090 /* AppFirst-Info.plist */ = {isa = PBXFileReference; fileEncoding = 4; lastKnownFileType = text.plist.xml; path = "AppFirst-Info.plist"; plistStructureDefinitionIdentifier = "com.apple.xcode.plist.structure-definition.iphone.info-plist"; sourceTree = "<group>"; };
/* End PBXFileReference section */

/* Begin PBXFrameworksBuildPhase section */
		1D60588F0D05DD3D006BFB54 /* Frameworks */ = {
			isa = PBXFrameworksBuildPhase;
			buildActionMask = 2147483647;
			files = (
				1D60589F0D05DD5A006BFB54 /* Foundation.framework in Frameworks */,
				1DF5F4E00D08C38300B7A737 /* UIKit.framework in Frameworks */,
				288765FD0DF74451002DB57D /* CoreGraphics.framework in Frameworks */,
				28EEBFDD1118E19E00187D67 /* CoreData.framework in Frameworks */,
				3EE9A7D71198B099007D3E14 /* QuartzCore.framework in Frameworks */,
				3EF1018C11A5A89500C336FD /* Security.framework in Frameworks */,
			);
			runOnlyForDeploymentPostprocessing = 0;
		};
/* End PBXFrameworksBuildPhase section */

/* Begin PBXGroup section */
		19C28FACFE9D520D11CA2CBB /* Products */ = {
			isa = PBXGroup;
			children = (
				3E5AB6A111B5824F000ECCE1 /* AppFirst.app */,
			);
			name = Products;
			sourceTree = "<group>";
		};
		2860E386111B897F00E27156 /* iPhone */ = {
			isa = PBXGroup;
			children = (
				2860E387111B897F00E27156 /* AppDelegate_Phone.h */,
				2860E388111B897F00E27156 /* AppDelegate_Phone.m */,
				2860E389111B897F00E27156 /* MainWindow_Phone.xib */,
				3E8D464211E3E43600CBC3D2 /* AFPageViewController.h */,
				3E8D464311E3E43600CBC3D2 /* AFPageViewController.m */,
				3E8D464411E3E43600CBC3D2 /* AFPageViewController.xib */,
				3E8D472A11E4BEBF00CBC3D2 /* AFServerDetailViewController.h */,
				3E8D472B11E4BEBF00CBC3D2 /* AFServerDetailViewController.m */,
				3E8D472C11E4BEBF00CBC3D2 /* AFServerDetailViewController.xib */,
			);
			path = iPhone;
			sourceTree = "<group>";
		};
		28EEBF621118D79A00187D67 /* Shared */ = {
			isa = PBXGroup;
			children = (
				3E10278B11CBE80C009326FF /* AFControllers */,
				3E10278111CBE727009326FF /* AFViews */,
				3E8224D311936EC8001F3644 /* JSON */,
				3E82224611921574001F3644 /* af_icon.png */,
				2819307C112F81BE00ECF9B4 /* AppFirst.xcdatamodeld */,
				28EEC0491118E28000187D67 /* AppDelegate_Shared.h */,
				28EEC04A1118E28000187D67 /* AppDelegate_Shared.m */,
				3EF1015811A5943C00C336FD /* SFHFKeychainUtils.h */,
				3EF1015911A5943C00C336FD /* SFHFKeychainUtils.m */,
				8D1107310486CEB800E47090 /* AppFirst-Info.plist */,
				3E82225F11930FE8001F3644 /* AFDashboard.h */,
				3E82226011930FE8001F3644 /* AFDashboard.m */,
				3E82226211931009001F3644 /* AFAlert.h */,
				3E82226311931009001F3644 /* AFAlert.m */,
				3E82253111937E20001F3644 /* ServerStatusViewController.h */,
				3E82253211937E20001F3644 /* ServerStatusViewController.m */,
				3E82253311937E20001F3644 /* ServerStatusViewController.xib */,
				3E82262E11946E9F001F3644 /* config.h */,
				3EE9A436119856B8007D3E14 /* LoginViewController.h */,
				3EE9A437119856B8007D3E14 /* LoginViewController.m */,
				3EE9A438119856B8007D3E14 /* LoginViewController.xib */,
				3ED1565E119C7B4500D4AB4E /* AlertDetailViewController.h */,
				3ED1565F119C7B4500D4AB4E /* AlertDetailViewController.m */,
				3ED15660119C7B4500D4AB4E /* AlertDetailViewController.xib */,
				3E1024F111C7FCE6009326FF /* AppHelper.h */,
				3E1024F211C7FCE6009326FF /* AppHelper.m */,
			);
			name = Shared;
			sourceTree = "<group>";
		};
		29B97314FDCFA39411CA2CEA /* CustomTemplate */ = {
			isa = PBXGroup;
			children = (
				3E6DD48E11E7B3EA00C8E018 /* Graphs */,
				3E8D494111E5333B00CBC3D2 /* speechmedia.png */,
				3E8D45CD11E3ACB300CBC3D2 /* tools.png */,
				3EAC96A811DD30A7009FA6C2 /* linux-icon.png */,
				3EAC96A611DD30A0009FA6C2 /* windows-icon.png */,
				3E102FE111D158D7009326FF /* green_status.png */,
				3E102FDF11D158C1009326FF /* yellow_status.png */,
				3E102FDD11D158B7009326FF /* red_status.png */,
				3E5298D011BED63C0045A6CF /* Default.png */,
				3E16C58211B41F72004481D2 /* icon(ipad).png */,
				3E17E50F11B03CA800EC68E8 /* checked_box.png */,
				3E17E50D11B03C9C00EC68E8 /* unchecked_box.png */,
				3E17E21D11AEEB9200EC68E8 /* inactive_dot.png */,
				3E17E20811AEE9AD00EC68E8 /* active_dot.png */,
				3E17E20411AEE86C00EC68E8 /* active_dot_saved.png */,
				3EF102A711A5DD4F00C336FD /* appfirst_logo_header.png */,
				3EF101F411A5B52900C336FD /* appfirst_logo_header_large.png */,
				3EF1007711A4929600C336FD /* graph.png */,
				3EF1003F11A48C9A00C336FD /* alert.png */,
				2860E386111B897F00E27156 /* iPhone */,
				29B97317FDCFA39411CA2CEA /* iPad */,
				28EEBF621118D79A00187D67 /* Shared */,
				29B97315FDCFA39411CA2CEA /* Other Sources */,
				29B97323FDCFA39411CA2CEA /* Frameworks */,
				19C28FACFE9D520D11CA2CBB /* Products */,
			);
			name = CustomTemplate;
			sourceTree = "<group>";
		};
		29B97315FDCFA39411CA2CEA /* Other Sources */ = {
			isa = PBXGroup;
			children = (
				32CA4F630368D1EE00C91783 /* AppFirst_Prefix.pch */,
				29B97316FDCFA39411CA2CEA /* main.m */,
				3E8D459E11E3822900CBC3D2 /* Entitlements.plist */,
			);
			name = "Other Sources";
			sourceTree = "<group>";
		};
		29B97317FDCFA39411CA2CEA /* iPad */ = {
			isa = PBXGroup;
			children = (
				1D3623240D0F684500981E51 /* AppDelegate_Pad.h */,
				1D3623250D0F684500981E51 /* AppDelegate_Pad.m */,
				28AD733E0D9D9553002E5188 /* MainWindow_Pad.xib */,
				3E10270311CBBFF0009326FF /* ServerDetailViewPad.h */,
				3E10270411CBBFF0009326FF /* ServerDetailViewPad.m */,
				3E10270511CBBFF0009326FF /* ServerDetailViewPad.xib */,
			);
			name = iPad;
			sourceTree = "<group>";
		};
		29B97323FDCFA39411CA2CEA /* Frameworks */ = {
			isa = PBXGroup;
			children = (
				3EF1018B11A5A89500C336FD /* Security.framework */,
				1DF5F4DF0D08C38300B7A737 /* UIKit.framework */,
				1D30AB110D05D00D00671497 /* Foundation.framework */,
				288765FC0DF74451002DB57D /* CoreGraphics.framework */,
				28EEBFDC1118E19E00187D67 /* CoreData.framework */,
				3EE9A7D61198B099007D3E14 /* QuartzCore.framework */,
			);
			name = Frameworks;
			sourceTree = "<group>";
		};
		3E10278111CBE727009326FF /* AFViews */ = {
			isa = PBXGroup;
			children = (
				3EE9AE201199E1DA007D3E14 /* AFUIView.h */,
				3ED15109119B138900D4AB4E /* AFBarView.h */,
				3ED1510A119B138900D4AB4E /* AFBarView.m */,
				3ED1510F119B142E00D4AB4E /* AFEmptyBarView.h */,
				3ED15110119B142E00D4AB4E /* AFEmptyBarView.m */,
				3ED151D8119B2FEA00D4AB4E /* AFDiskView.h */,
				3ED151D9119B2FEA00D4AB4E /* AFDiskView.m */,
				3ED154F6119B768A00D4AB4E /* AFDiskLegendView.h */,
				3ED154F7119B768A00D4AB4E /* AFDiskLegendView.m */,
				3E17E28111AEFBE200EC68E8 /* AFTitleView.h */,
				3E17E28211AEFBE200EC68E8 /* AFTitleView.m */,
				3E10262411CA9B8D009326FF /* AFVerticalBarView.h */,
				3E10262511CA9B8D009326FF /* AFVerticalBarView.m */,
				3EE9AE211199E1DA007D3E14 /* AFUIView.m */,
				3E10260D11CA59FA009326FF /* AFCpuDetailView.h */,
				3E10260E11CA59FA009326FF /* AFCpuDetailView.m */,
				3E102C6211CFFD70009326FF /* AFServerNameView.h */,
				3E102C6311CFFD70009326FF /* AFServerNameView.m */,
				3E102D2311D011A9009326FF /* AFWidgetBaseView.h */,
				3E102D2411D011A9009326FF /* AFWidgetBaseView.m */,
				3E102D2911D011EB009326FF /* AFMemoryDetailView.h */,
				3E102D2A11D011EB009326FF /* AFMemoryDetailView.m */,
				3E10301111D15D0F009326FF /* AFVerticalSeparator.h */,
				3E10301211D15D0F009326FF /* AFVerticalSeparator.m */,
			);
			name = AFViews;
			sourceTree = "<group>";
		};
		3E10278B11CBE80C009326FF /* AFControllers */ = {
			isa = PBXGroup;
			children = (
				3E10284511CBFDCB009326FF /* AFSortableTableViewController.h */,
				3E10284611CBFDCB009326FF /* AFSortableTableViewController.m */,
				3E10287D11CC12D2009326FF /* AFTableViewController.h */,
				3E10287E11CC12D2009326FF /* AFTableViewController.m */,
				3E10287F11CC12D2009326FF /* AFTableViewController.xib */,
				3E10296911CD392C009326FF /* AFMetricsPicker.h */,
				3E10296A11CD392C009326FF /* AFMetricsPicker.m */,
				3E10296B11CD392C009326FF /* AFMetricsPicker.xib */,
				3E102ABB11CFB01C009326FF /* AFPollDataController.h */,
				3E102ABC11CFB01C009326FF /* AFPollDataController.m */,
				3E102AC111CFB286009326FF /* AFPollDataTableViewController.h */,
				3E102AC211CFB286009326FF /* AFPollDataTableViewController.m */,
				3E102AC311CFB286009326FF /* AFPollDataTableViewController.xib */,
				3E102E1711D10891009326FF /* AFDiskDetailViewController.h */,
				3E102E1811D10891009326FF /* AFDiskDetailViewController.m */,
				3E102E1911D10891009326FF /* AFDiskDetailViewController.xib */,
				3E10313911D2B396009326FF /* AFAlertDetailViewController.h */,
				3E10313A11D2B396009326FF /* AFAlertDetailViewController.m */,
				3E10313C11D2B3B7009326FF /* AFAlertTableViewController.h */,
				3E10313D11D2B3B7009326FF /* AFAlertTableViewController.m */,
				3E10313E11D2B3B7009326FF /* AFAlertTableViewController.xib */,
				3EAC94EB11DB9BAD009FA6C2 /* AFAlertDetailTableViewController.h */,
				3EAC94EC11DB9BAD009FA6C2 /* AFAlertDetailTableViewController.m */,
				3EAC94ED11DB9BAD009FA6C2 /* AFAlertDetailTableViewController.xib */,
				3EAC96C711DD3610009FA6C2 /* AFLoadingViewController.h */,
				3EAC96C811DD3610009FA6C2 /* AFLoadingViewController.m */,
				3EAC96C911DD3610009FA6C2 /* AFLoadingViewController.xib */,
				3E47AE3511E0FB0D000A2C30 /* AFSettingsViewController.h */,
				3E47AE3611E0FB0D000A2C30 /* AFSettingsViewController.m */,
				3E47AE3711E0FB0D000A2C30 /* AFSettingsViewController.xib */,
				3E8D492411E530CB00CBC3D2 /* AFAlertHistoryViewController.h */,
				3E8D492511E530CB00CBC3D2 /* AFAlertHistoryViewController.m */,
				3E8D492611E530CB00CBC3D2 /* AFAlertHistoryViewController.xib */,
				3E8D497911E6114000CBC3D2 /* AFWebViewController.h */,
				3E8D497A11E6114000CBC3D2 /* AFWebViewController.m */,
				3E8D497B11E6114000CBC3D2 /* AFWebViewController.xib */,
				3E6DD49611E7B4DB00C8E018 /* AFGraphViewController.h */,
				3E6DD49711E7B4DB00C8E018 /* AFGraphViewController.m */,
				3E6DD5FF11E8DC2600C8E018 /* AFLegendViewController.h */,
				3E6DD60011E8DC2600C8E018 /* AFLegendViewController.m */,
				3E6DD60111E8DC2600C8E018 /* AFLegendViewController.xib */,
				3E9C3ACD11AC0552005B8021 /* AlertEditViewController.h */,
				3E9C3ACE11AC0552005B8021 /* AlertEditViewController.m */,
				3E9C3ACF11AC0552005B8021 /* AlertEditViewController.xib */,
			);
			name = AFControllers;
			sourceTree = "<group>";
		};
		3E6DD48E11E7B3EA00C8E018 /* Graphs */ = {
			isa = PBXGroup;
			children = (
				3E6DD49111E7B47100C8E018 /* s7graphview */,
			);
			name = Graphs;
			sourceTree = "<group>";
		};
		3E6DD49111E7B47100C8E018 /* s7graphview */ = {
			isa = PBXGroup;
			children = (
				3E6DD49211E7B47100C8E018 /* S7GraphView.h */,
				3E6DD49311E7B47100C8E018 /* S7GraphView.m */,
				3E6DD49411E7B47100C8E018 /* S7Macros.h */,
			);
			path = s7graphview;
			sourceTree = "<group>";
		};
		3E8224D311936EC8001F3644 /* JSON */ = {
			isa = PBXGroup;
			children = (
				3E8224D411936EC8001F3644 /* JSON.h */,
				3E8224D511936EC8001F3644 /* NSObject+SBJSON.h */,
				3E8224D611936EC8001F3644 /* NSObject+SBJSON.m */,
				3E8224D711936EC8001F3644 /* NSString+SBJSON.h */,
				3E8224D811936EC9001F3644 /* NSString+SBJSON.m */,
				3E8224D911936EC9001F3644 /* SBJSON.h */,
				3E8224DA11936EC9001F3644 /* SBJSON.m */,
				3E8224DB11936EC9001F3644 /* SBJsonBase.h */,
				3E8224DC11936EC9001F3644 /* SBJsonBase.m */,
				3E8224DD11936EC9001F3644 /* SBJsonParser.h */,
				3E8224DE11936EC9001F3644 /* SBJsonParser.m */,
				3E8224DF11936EC9001F3644 /* SBJsonWriter.h */,
				3E8224E011936EC9001F3644 /* SBJsonWriter.m */,
			);
			path = JSON;
			sourceTree = "<group>";
		};
/* End PBXGroup section */

/* Begin PBXNativeTarget section */
		1D6058900D05DD3D006BFB54 /* AppFirst */ = {
			isa = PBXNativeTarget;
			buildConfigurationList = 1D6058960D05DD3E006BFB54 /* Build configuration list for PBXNativeTarget "AppFirst" */;
			buildPhases = (
				1D60588D0D05DD3D006BFB54 /* Resources */,
				1D60588E0D05DD3D006BFB54 /* Sources */,
				1D60588F0D05DD3D006BFB54 /* Frameworks */,
				3EE9A7A81198ACBB007D3E14 /* CopyFiles */,
				3EE9A9FE1198B6E0007D3E14 /* CopyFiles */,
			);
			buildRules = (
			);
			dependencies = (
			);
			name = AppFirst;
			productName = AppFirst;
			productReference = 3E5AB6A111B5824F000ECCE1 /* AppFirst.app */;
			productType = "com.apple.product-type.application";
		};
/* End PBXNativeTarget section */

/* Begin PBXProject section */
		29B97313FDCFA39411CA2CEA /* Project object */ = {
			isa = PBXProject;
			buildConfigurationList = C01FCF4E08A954540054247B /* Build configuration list for PBXProject "AppFirst" */;
			compatibilityVersion = "Xcode 3.1";
			hasScannedForEncodings = 1;
			mainGroup = 29B97314FDCFA39411CA2CEA /* CustomTemplate */;
			projectDirPath = "";
			projectRoot = "";
			targets = (
				1D6058900D05DD3D006BFB54 /* AppFirst */,
			);
		};
/* End PBXProject section */

/* Begin PBXResourcesBuildPhase section */
		1D60588D0D05DD3D006BFB54 /* Resources */ = {
			isa = PBXResourcesBuildPhase;
			buildActionMask = 2147483647;
			files = (
				28AD733F0D9D9553002E5188 /* MainWindow_Pad.xib in Resources */,
				2860E38B111B897F00E27156 /* MainWindow_Phone.xib in Resources */,
				3E82224711921574001F3644 /* af_icon.png in Resources */,
				3E82253511937E20001F3644 /* ServerStatusViewController.xib in Resources */,
				3EE9A43A119856B8007D3E14 /* LoginViewController.xib in Resources */,
				3ED15662119C7B4500D4AB4E /* AlertDetailViewController.xib in Resources */,
				3EF1004011A48C9A00C336FD /* alert.png in Resources */,
				3EF1007811A4929600C336FD /* graph.png in Resources */,
				3EF101F511A5B52900C336FD /* appfirst_logo_header_large.png in Resources */,
				3EF102A811A5DD4F00C336FD /* appfirst_logo_header.png in Resources */,
				3E9C3AD111AC0553005B8021 /* AlertEditViewController.xib in Resources */,
				3E17E20511AEE86C00EC68E8 /* active_dot_saved.png in Resources */,
				3E17E20911AEE9AD00EC68E8 /* active_dot.png in Resources */,
				3E17E21E11AEEB9200EC68E8 /* inactive_dot.png in Resources */,
				3E17E50E11B03C9C00EC68E8 /* unchecked_box.png in Resources */,
				3E17E51011B03CA800EC68E8 /* checked_box.png in Resources */,
				3E16C58311B41F72004481D2 /* icon(ipad).png in Resources */,
				3E5298D111BED63C0045A6CF /* Default.png in Resources */,
				3E10270711CBBFF0009326FF /* ServerDetailViewPad.xib in Resources */,
				3E10288111CC12D2009326FF /* AFTableViewController.xib in Resources */,
				3E10296D11CD392C009326FF /* AFMetricsPicker.xib in Resources */,
				3E102AC511CFB286009326FF /* AFPollDataTableViewController.xib in Resources */,
				3E102E1B11D10891009326FF /* AFDiskDetailViewController.xib in Resources */,
				3E102FDE11D158B7009326FF /* red_status.png in Resources */,
				3E102FE011D158C1009326FF /* yellow_status.png in Resources */,
				3E102FE211D158D7009326FF /* green_status.png in Resources */,
				3E10314011D2B3B7009326FF /* AFAlertTableViewController.xib in Resources */,
				3EAC94EF11DB9BAD009FA6C2 /* AFAlertDetailTableViewController.xib in Resources */,
				3EAC96A711DD30A0009FA6C2 /* windows-icon.png in Resources */,
				3EAC96A911DD30A7009FA6C2 /* linux-icon.png in Resources */,
				3EAC96CB11DD3610009FA6C2 /* AFLoadingViewController.xib in Resources */,
				3E47AE3911E0FB0D000A2C30 /* AFSettingsViewController.xib in Resources */,
				3E8D45CE11E3ACB300CBC3D2 /* tools.png in Resources */,
				3E8D464611E3E43600CBC3D2 /* AFPageViewController.xib in Resources */,
				3E8D472E11E4BEBF00CBC3D2 /* AFServerDetailViewController.xib in Resources */,
				3E8D492811E530CB00CBC3D2 /* AFAlertHistoryViewController.xib in Resources */,
				3E8D494211E5333B00CBC3D2 /* speechmedia.png in Resources */,
				3E8D497D11E6114000CBC3D2 /* AFWebViewController.xib in Resources */,
				3E6DD60311E8DC2600C8E018 /* AFLegendViewController.xib in Resources */,
			);
			runOnlyForDeploymentPostprocessing = 0;
		};
/* End PBXResourcesBuildPhase section */

/* Begin PBXSourcesBuildPhase section */
		1D60588E0D05DD3D006BFB54 /* Sources */ = {
			isa = PBXSourcesBuildPhase;
			buildActionMask = 2147483647;
			files = (
				1D60589B0D05DD56006BFB54 /* main.m in Sources */,
				1D3623260D0F684500981E51 /* AppDelegate_Pad.m in Sources */,
				28EEC04B1118E28000187D67 /* AppDelegate_Shared.m in Sources */,
				2819307D112F81BE00ECF9B4 /* AppFirst.xcdatamodeld in Sources */,
				2860E38A111B897F00E27156 /* AppDelegate_Phone.m in Sources */,
				3E82226111930FE8001F3644 /* AFDashboard.m in Sources */,
				3E82226411931009001F3644 /* AFAlert.m in Sources */,
				3E8224E111936EC9001F3644 /* NSObject+SBJSON.m in Sources */,
				3E8224E211936EC9001F3644 /* NSString+SBJSON.m in Sources */,
				3E8224E311936EC9001F3644 /* SBJSON.m in Sources */,
				3E8224E411936EC9001F3644 /* SBJsonBase.m in Sources */,
				3E8224E511936EC9001F3644 /* SBJsonParser.m in Sources */,
				3E8224E611936EC9001F3644 /* SBJsonWriter.m in Sources */,
				3E82253411937E20001F3644 /* ServerStatusViewController.m in Sources */,
				3EE9A439119856B8007D3E14 /* LoginViewController.m in Sources */,
				3EE9AE221199E1DA007D3E14 /* AFUIView.m in Sources */,
				3ED1510B119B138900D4AB4E /* AFBarView.m in Sources */,
				3ED15111119B142E00D4AB4E /* AFEmptyBarView.m in Sources */,
				3ED151DA119B2FEA00D4AB4E /* AFDiskView.m in Sources */,
				3ED154F8119B768A00D4AB4E /* AFDiskLegendView.m in Sources */,
				3ED15661119C7B4500D4AB4E /* AlertDetailViewController.m in Sources */,
				3EF1015A11A5943C00C336FD /* SFHFKeychainUtils.m in Sources */,
				3E9C3AD011AC0552005B8021 /* AlertEditViewController.m in Sources */,
				3E17E28311AEFBE200EC68E8 /* AFTitleView.m in Sources */,
				3E1024F311C7FCE6009326FF /* AppHelper.m in Sources */,
				3E10260F11CA59FA009326FF /* AFCpuDetailView.m in Sources */,
				3E10262611CA9B8D009326FF /* AFVerticalBarView.m in Sources */,
				3E10270611CBBFF0009326FF /* ServerDetailViewPad.m in Sources */,
				3E10284711CBFDCB009326FF /* AFSortableTableViewController.m in Sources */,
				3E10288011CC12D2009326FF /* AFTableViewController.m in Sources */,
				3E10296C11CD392C009326FF /* AFMetricsPicker.m in Sources */,
				3E102ABD11CFB01C009326FF /* AFPollDataController.m in Sources */,
				3E102AC411CFB286009326FF /* AFPollDataTableViewController.m in Sources */,
				3E102C6411CFFD70009326FF /* AFServerNameView.m in Sources */,
				3E102D2511D011A9009326FF /* AFWidgetBaseView.m in Sources */,
				3E102D2B11D011EB009326FF /* AFMemoryDetailView.m in Sources */,
				3E102E1A11D10891009326FF /* AFDiskDetailViewController.m in Sources */,
				3E10301311D15D0F009326FF /* AFVerticalSeparator.m in Sources */,
				3E10313B11D2B397009326FF /* AFAlertDetailViewController.m in Sources */,
				3E10313F11D2B3B7009326FF /* AFAlertTableViewController.m in Sources */,
				3EAC94EE11DB9BAD009FA6C2 /* AFAlertDetailTableViewController.m in Sources */,
				3EAC96CA11DD3610009FA6C2 /* AFLoadingViewController.m in Sources */,
				3E47AE3811E0FB0D000A2C30 /* AFSettingsViewController.m in Sources */,
				3E8D464511E3E43600CBC3D2 /* AFPageViewController.m in Sources */,
				3E8D472D11E4BEBF00CBC3D2 /* AFServerDetailViewController.m in Sources */,
				3E8D492711E530CB00CBC3D2 /* AFAlertHistoryViewController.m in Sources */,
				3E8D497C11E6114000CBC3D2 /* AFWebViewController.m in Sources */,
				3E6DD49511E7B47100C8E018 /* S7GraphView.m in Sources */,
				3E6DD49911E7B4DB00C8E018 /* AFGraphViewController.m in Sources */,
				3E6DD60211E8DC2600C8E018 /* AFLegendViewController.m in Sources */,
			);
			runOnlyForDeploymentPostprocessing = 0;
		};
/* End PBXSourcesBuildPhase section */

/* Begin XCBuildConfiguration section */
		1D6058940D05DD3E006BFB54 /* Debug */ = {
			isa = XCBuildConfiguration;
			buildSettings = {
				ALWAYS_SEARCH_USER_PATHS = YES;
				ARCHS = "$(ARCHS_STANDARD_32_BIT)";
				CODE_SIGN_ENTITLEMENTS = "~/mobile/mobile/IPhoneOS/trunk/Entitlements.plist";
				COPY_PHASE_STRIP = NO;
				FRAMEWORK_SEARCH_PATHS = "file:///Users/joeng/mobile/mobile/IPhoneOS/lib/core-plot/framework//**";
				GCC_DYNAMIC_NO_PIC = NO;
				GCC_OPTIMIZATION_LEVEL = 0;
				GCC_PRECOMPILE_PREFIX_HEADER = YES;
				GCC_PREFIX_HEADER = AppFirst_Prefix.pch;
				HEADER_SEARCH_PATHS = "framework/**";
				INFOPLIST_FILE = "AppFirst-Info.plist";
				LIBRARY_SEARCH_PATHS = (
					"$(inherited)",
					"\"$(SRCROOT)/framework/build/Debug-iphonesimulator\"",
				);
				OTHER_LDFLAGS = (
					"-all_load",
					"-ObjC",
				);
				PRODUCT_NAME = AppFirst;
			};
			name = Debug;
		};
		1D6058950D05DD3E006BFB54 /* Release */ = {
			isa = XCBuildConfiguration;
			buildSettings = {
				ALWAYS_SEARCH_USER_PATHS = NO;
				ARCHS = "$(ARCHS_STANDARD_32_BIT)";
				CODE_SIGN_ENTITLEMENTS = Entitlements.plist;
				"CODE_SIGN_IDENTITY[sdk=iphoneos*]" = "iPhone Developer: Bin Liu (9RPD8KSG7M)";
				COPY_PHASE_STRIP = YES;
				GCC_PRECOMPILE_PREFIX_HEADER = YES;
				GCC_PREFIX_HEADER = AppFirst_Prefix.pch;
				HEADER_SEARCH_PATHS = "framework/**";
				INFOPLIST_FILE = "AppFirst-Info.plist";
				LIBRARY_SEARCH_PATHS = (
					"$(inherited)",
					"\"$(SRCROOT)/framework/build/Debug-iphonesimulator\"",
				);
				OTHER_LDFLAGS = (
					"-all_load",
					"-ObjC",
				);
				PRODUCT_NAME = AppFirst;
				"PROVISIONING_PROFILE[sdk=iphoneos*]" = "195C1192-A39B-44EA-BA18-5C62AC79581D";
				SDKROOT = iphoneos4.0;
				VALIDATE_PRODUCT = YES;
			};
			name = Release;
		};
		3E16C52911B41138004481D2 /* Distribution */ = {
			isa = XCBuildConfiguration;
			buildSettings = {
				ARCHS = "$(ARCHS_UNIVERSAL_IPHONE_OS)";
				"CODE_SIGN_IDENTITY[sdk=iphoneos*]" = "iPhone Distribution: AppFirst, Inc.";
				GCC_C_LANGUAGE_STANDARD = c99;
				GCC_WARN_ABOUT_RETURN_TYPE = YES;
				GCC_WARN_UNUSED_VARIABLE = YES;
				HEADER_SEARCH_PATHS = (
					"<Multiple",
					"values>",
					"file:///Users/joeng/mobile/mobile/IPhoneOS/lib/core-plot/framework//**",
				);
				IPHONEOS_DEPLOYMENT_TARGET = 3.1;
				OTHER_CFLAGS = "-DNS_BLOCK_ASSERTIONS=1";
				OTHER_LDFLAGS = (
					"-all_load",
					"-ObjC",
				);
				PREBINDING = NO;
				"PROVISIONING_PROFILE[sdk=iphoneos*]" = "ADA3729B-A28F-429B-AEDA-96094BF9FA4E";
				SDKROOT = iphoneos3.2;
				TARGETED_DEVICE_FAMILY = "1,2";
			};
			name = Distribution;
		};
		3E16C52A11B41138004481D2 /* Distribution */ = {
			isa = XCBuildConfiguration;
			buildSettings = {
				ALWAYS_SEARCH_USER_PATHS = NO;
				ARCHS = "$(ARCHS_UNIVERSAL_IPHONE_OS)";
				CODE_SIGN_ENTITLEMENTS = "~/mobile/mobile/IPhoneOS/trunk/Entitlements.plist";
				"CODE_SIGN_IDENTITY[sdk=iphoneos*]" = "iPhone Distribution: AppFirst, Inc.";
				COPY_PHASE_STRIP = YES;
				GCC_PRECOMPILE_PREFIX_HEADER = YES;
				GCC_PREFIX_HEADER = AppFirst_Prefix.pch;
				HEADER_SEARCH_PATHS = "framework/**";
				INFOPLIST_FILE = "AppFirst-Info.plist";
				IPHONEOS_DEPLOYMENT_TARGET = 3.2;
				LIBRARY_SEARCH_PATHS = (
					"$(inherited)",
					"\"$(SRCROOT)/framework/build/Debug-iphonesimulator\"",
				);
				ONLY_ACTIVE_ARCH = YES;
				OTHER_LDFLAGS = (
					"-all_load",
					"-ObjC",
				);
				PRODUCT_NAME = AppFirst;
				"PROVISIONING_PROFILE[sdk=iphoneos*]" = "50A137DD-C840-4276-84A2-24A53E553F77";
				SDKROOT = iphoneos4.0;
				VALIDATE_PRODUCT = YES;
			};
			name = Distribution;
		};
		C01FCF4F08A954540054247B /* Debug */ = {
			isa = XCBuildConfiguration;
			buildSettings = {
				ARCHS = "$(ARCHS_UNIVERSAL_IPHONE_OS)";
				"CODE_SIGN_IDENTITY[sdk=iphoneos*]" = "iPhone Developer";
				GCC_C_LANGUAGE_STANDARD = c99;
				GCC_WARN_ABOUT_RETURN_TYPE = YES;
				GCC_WARN_UNUSED_VARIABLE = YES;
				HEADER_SEARCH_PATHS = (
					"<Multiple",
					"values>",
					"file:///Users/joeng/mobile/mobile/IPhoneOS/lib/core-plot/framework//**",
				);
				IPHONEOS_DEPLOYMENT_TARGET = 3.1;
				OTHER_LDFLAGS = (
					"-all_load",
					"-ObjC",
				);
				PREBINDING = NO;
				SDKROOT = iphoneos3.2;
				TARGETED_DEVICE_FAMILY = "1,2";
			};
			name = Debug;
		};
		C01FCF5008A954540054247B /* Release */ = {
			isa = XCBuildConfiguration;
			buildSettings = {
				ARCHS = "$(ARCHS_UNIVERSAL_IPHONE_OS)";
				"CODE_SIGN_IDENTITY[sdk=iphoneos*]" = "iPhone Developer";
				GCC_C_LANGUAGE_STANDARD = c99;
				GCC_WARN_ABOUT_RETURN_TYPE = YES;
				GCC_WARN_UNUSED_VARIABLE = YES;
				HEADER_SEARCH_PATHS = (
					"<Multiple",
					"values>",
					"file:///Users/joeng/mobile/mobile/IPhoneOS/lib/core-plot/framework//**",
				);
				IPHONEOS_DEPLOYMENT_TARGET = 3.1;
				OTHER_CFLAGS = "-DNS_BLOCK_ASSERTIONS=1";
				OTHER_LDFLAGS = (
					"-all_load",
					"-ObjC",
				);
				PREBINDING = NO;
				SDKROOT = iphoneos3.2;
				TARGETED_DEVICE_FAMILY = "1,2";
			};
			name = Release;
		};
/* End XCBuildConfiguration section */

/* Begin XCConfigurationList section */
		1D6058960D05DD3E006BFB54 /* Build configuration list for PBXNativeTarget "AppFirst" */ = {
			isa = XCConfigurationList;
			buildConfigurations = (
				1D6058940D05DD3E006BFB54 /* Debug */,
				1D6058950D05DD3E006BFB54 /* Release */,
				3E16C52A11B41138004481D2 /* Distribution */,
			);
			defaultConfigurationIsVisible = 0;
			defaultConfigurationName = Release;
		};
		C01FCF4E08A954540054247B /* Build configuration list for PBXProject "AppFirst" */ = {
			isa = XCConfigurationList;
			buildConfigurations = (
				C01FCF4F08A954540054247B /* Debug */,
				C01FCF5008A954540054247B /* Release */,
				3E16C52911B41138004481D2 /* Distribution */,
			);
			defaultConfigurationIsVisible = 0;
			defaultConfigurationName = Release;
		};
/* End XCConfigurationList section */

/* Begin XCVersionGroup section */
		2819307C112F81BE00ECF9B4 /* AppFirst.xcdatamodeld */ = {
			isa = XCVersionGroup;
			children = (
				2870939E111907710040F596 /* AppFirst.xcdatamodel */,
			);
			currentVersion = 2870939E111907710040F596 /* AppFirst.xcdatamodel */;
			name = AppFirst.xcdatamodeld;
			path = Shared/AppFirst.xcdatamodeld;
			sourceTree = "<group>";
			versionGroupType = wrapper.xcdatamodel;
		};
/* End XCVersionGroup section */
	};
	rootObject = 29B97313FDCFA39411CA2CEA /* Project object */;
}
